
Microsoft Visual Studio Solution File, Format Version 12.00
# Visual Studio Version 17
VisualStudioVersion = 17.0.32126.317
MinimumVisualStudioVersion = 10.0.40219.1
Project("{FAE04EC0-301F-11D3-BF4B-00C04F79EFBC}") = "UserInformationBase", "UserInformationBase.csproj", "{54E0D1BC-2759-46B5-B333-729D7A65A514}"
EndProject
Global
	GlobalSection(SolutionConfigurationPlatforms) = preSolution
		Debug|Any CPU = Debug|Any CPU
		Release|Any CPU = Release|Any CPU
	EndGlobalSection
	GlobalSection(ProjectConfigurationPlatforms) = postSolution
		{54E0D1BC-2759-46B5-B333-729D7A65A514}.Debug|Any CPU.ActiveCfg = Debug|Any CPU
		{54E0D1BC-2759-46B5-B333-729D7A65A514}.Debug|Any CPU.Build.0 = Debug|Any CPU
		{54E0D1BC-2759-46B5-B333-729D7A65A514}.Release|Any CPU.ActiveCfg = Release|Any CPU
		{54E0D1BC-2759-46B5-B333-729D7A65A514}.Release|Any CPU.Build.0 = Release|Any CPU
	EndGlobalSection
	GlobalSection(SolutionProperties) = preSolution
		HideSolutionNode = FALSE
	EndGlobalSection
	GlobalSection(ExtensibilityGlobals) = postSolution
		SolutionGuid = {DDE19F20-470E-4A67-8F8A-9B59046E8BC2}
	EndGlobalSection
EndGlobal
